
Microsoft Visual Studio Solution File, Format Version 12.00
# Visual Studio 15
VisualStudioVersion = 15.0.27428.2011
MinimumVisualStudioVersion = 10.0.40219.1
Project("{8BC9CEB8-8B4A-11D0-8D11-00A0C91BC942}") = "CS2Project", "CS2Project.vcxproj", "{A4546F27-2F1A-4E4D-9056-1DBB36D13243}"
EndProject
Global
	GlobalSection(SolutionConfigurationPlatforms) = preSolution
		Debug|x64 = Debug|x64
		Debug|x86 = Debug|x86
		Release|x64 = Release|x64
		Release|x86 = Release|x86
	EndGlobalSection
	GlobalSection(ProjectConfigurationPlatforms) = postSolution
		{A4546F27-2F1A-4E4D-9056-1DBB36D13243}.Debug|x64.ActiveCfg = Debug|x64
		{A4546F27-2F1A-4E4D-9056-1DBB36D13243}.Debug|x64.Build.0 = Debug|x64
		{A4546F27-2F1A-4E4D-9056-1DBB36D13243}.Debug|x86.ActiveCfg = Debug|Win32
		{A4546F27-2F1A-4E4D-9056-1DBB36D13243}.Debug|x86.Build.0 = Debug|Win32
		{A4546F27-2F1A-4E4D-9056-1DBB36D13243}.Release|x64.ActiveCfg = Release|x64
		{A4546F27-2F1A-4E4D-9056-1DBB36D13243}.Release|x64.Build.0 = Release|x64
		{A4546F27-2F1A-4E4D-9056-1DBB36D13243}.Release|x86.ActiveCfg = Release|Win32
		{A4546F27-2F1A-4E4D-9056-1DBB36D13243}.Release|x86.Build.0 = Release|Win32
	EndGlobalSection
	GlobalSection(SolutionProperties) = preSolution
		HideSolutionNode = FALSE
	EndGlobalSection
	GlobalSection(ExtensibilityGlobals) = postSolution
		SolutionGuid = {067DA676-C6C7-4A93-8D3E-1A4772CC9620}
	EndGlobalSection
EndGlobal
